version = 1
revision = 3
requires-python = ">=3.8"
resolution-markers = [
    "python_full_version >= '3.10'",
    "python_full_version == '3.9.*'",
    "python_full_version >= '3.8.1' and python_full_version < '3.9'",
    "python_full_version < '3.8.1'",
]

[[package]]
name = "click"
version = "8.1.8"
source = { registry = "https://pypi.org/simple" }
resolution-markers = [
    "python_full_version == '3.9.*'",
    "python_full_version >= '3.8.1' and python_full_version < '3.9'",
    "python_full_version < '3.8.1'",
]
dependencies = [
    { name = "colorama", marker = "python_full_version < '3.10' and sys_platform == 'win32'" },
]
sdist = { url = "https://files.pythonhosted.org/packages/b9/2e/0090cbf739cee7d23781ad4b89a9894a41538e4fcf4c31dcdd705b78eb8b/click-8.1.8.tar.gz", hash = "sha256:ed53c9d8990d83c2a27deae68e4ee337473f6330c040a31d4225c9574d16096a", size = 226593, upload-time = "2024-12-21T18:38:44.339Z" }
wheels = [
    { url = "https://files.pythonhosted.org/packages/7e/d4/7ebdbd03970677812aac39c869717059dbb71a4cfc033ca6e5221787892c/click-8.1.8-py3-none-any.whl", hash = "sha256:63c132bbbed01578a06712a2d1f497bb62d9c1c0d329b7903a866228027263b2", size = 98188, upload-time = "2024-12-21T18:38:41.666Z" },
]

[[package]]
name = "click"
version = "8.3.0"
source = { registry = "https://pypi.org/simple" }
resolution-markers = [
    "python_full_version >= '3.10'",
]
dependencies = [
    { name = "colorama", marker = "python_full_version >= '3.10' and sys_platform == 'win32'" },
]
sdist = { url = "https://files.pythonhosted.org/packages/46/61/de6cd827efad202d7057d93e0fed9294b96952e188f7384832791c7b2254/click-8.3.0.tar.gz", hash = "sha256:e7b8232224eba16f4ebe410c25ced9f7875cb5f3263ffc93cc3e8da705e229c4", size = 276943, upload-time = "2025-09-18T17:32:23.696Z" }
wheels = [
    { url = "https://files.pythonhosted.org/packages/db/d3/9dcc0f5797f070ec8edf30fbadfb200e71d9db6b84d211e3b2085a7589a0/click-8.3.0-py3-none-any.whl", hash = "sha256:9b9f285302c6e3064f4330c05f05b81945b2a39544279343e6e7c5f27a9baddc", size = 107295, upload-time = "2025-09-18T17:32:22.42Z" },
]

[[package]]
name = "colorama"
version = "0.4.6"
source = { registry = "https://pypi.org/simple" }
sdist = { url = "https://files.pythonhosted.org/packages/d8/53/6f443c9a4a8358a93a6792e2acffb9d9d5cb0a5cfd8802644b7b1c9a02e4/colorama-0.4.6.tar.gz", hash = "sha256:08695f5cb7ed6e0531a20572697297273c47b8cae5a63ffc6d6ed5c201be6e44", size = 27697, upload-time = "2022-10-25T02:36:22.414Z" }
wheels = [
    { url = "https://files.pythonhosted.org/packages/d1/d6/3965ed04c63042e047cb6a3e6ed1a63a35087b6a609aa3a15ed8ac56c221/colorama-0.4.6-py2.py3-none-any.whl", hash = "sha256:4f1d9991f5acc0ca119f9d443620b77f9d6b33703e51011c16baf57afb285fc6", size = 25335, upload-time = "2022-10-25T02:36:20.889Z" },
]

[[package]]
name = "inquirerpy"
version = "0.3.4"
source = { registry = "https://pypi.org/simple" }
dependencies = [
    { name = "pfzy" },
    { name = "prompt-toolkit" },
]
sdist = { url = "https://files.pythonhosted.org/packages/64/73/7570847b9da026e07053da3bbe2ac7ea6cde6bb2cbd3c7a5a950fa0ae40b/InquirerPy-0.3.4.tar.gz", hash = "sha256:89d2ada0111f337483cb41ae31073108b2ec1e618a49d7110b0d7ade89fc197e", size = 44431, upload-time = "2022-06-27T23:11:20.598Z" }
wheels = [
    { url = "https://files.pythonhosted.org/packages/ce/ff/3b59672c47c6284e8005b42e84ceba13864aa0f39f067c973d1af02f5d91/InquirerPy-0.3.4-py3-none-any.whl", hash = "sha256:c65fdfbac1fa00e3ee4fb10679f4d3ed7a012abf4833910e63c295827fe2a7d4", size = 67677, upload-time = "2022-06-27T23:11:17.723Z" },
]

[[package]]
name = "iterfzf"
version = "1.8.0.62.0"
source = { registry = "https://pypi.org/simple" }
sdist = { url = "https://files.pythonhosted.org/packages/f6/3c/f1be6cbc6a805dfb1b21d0bdc8b850c3a18f55745acd7f3cf794e1454335/iterfzf-1.8.0.62.0.tar.gz", hash = "sha256:17f8b787da3561493608ce995f192421ccd5cc6be818fd12db5d3fc54b5aa5eb", size = 1827592, upload-time = "2025-05-15T13:13:10.015Z" }
wheels = [
    { url = "https://files.pythonhosted.org/packages/ed/07/b43cd0d821e39d2d9afc03ca15d658f9c7aed7d8363bb95b2f35c22500bf/iterfzf-1.8.0.62.0-py3-none-macosx_10_7_x86_64.macosx_10_9_x86_64.whl", hash = "sha256:057ac19b67128269a2c9efa7d419fef130d0df2210658d0e2fbe5a009b8b09e1", size = 1705552, upload-time = "2025-05-15T13:12:50.734Z" },
    { url = "https://files.pythonhosted.org/packages/e5/2b/0c9125d0500df4cec54fcc76a8db86fbffee65fbfdcf85b712231a431829/iterfzf-1.8.0.62.0-py3-none-macosx_11_0_arm64.whl", hash = "sha256:e18ea2ccf4d572695987d90537977ef060ebf4157e783bb1a72a7f3fa1da2cd0", size = 1618660, upload-time = "2025-05-15T13:12:52.924Z" },
    { url = "https://files.pythonhosted.org/packages/67/d5/16d76f04b23ecd4a2e98b112e73b10cfb058a4795a6e63d21df020d1c8cc/iterfzf-1.8.0.62.0-py3-none-manylinux_1_2_aarch64.manylinux_2_17_aarch64.manylinux2014_aarch64.whl", hash = "sha256:24d5d658995be678a19c8ae633486daa9ef63fd17a2d759581c565885861817c", size = 1485885, upload-time = "2025-05-15T13:12:57.512Z" },
    { url = "https://files.pythonhosted.org/packages/df/37/4349484d7693324e40d51d0dc2f4d52b49b6765598e14af56642075ecdde/iterfzf-1.8.0.62.0-py3-none-manylinux_1_2_x86_64.manylinux_2_17_x86_64.manylinux2014_x86_64.whl", hash = "sha256:15094a8ac72d0755d3657333fcd72329ef2d79ea6633c37a6be27be66671ae48", size = 1610003, upload-time = "2025-05-15T13:13:00.101Z" },
    { url = "https://files.pythonhosted.org/packages/c9/85/520fedf1a01fe014366307ea4b1ce5527e29dfcf042155eb874972dcc1f7/iterfzf-1.8.0.62.0-py3-none-manylinux_2_17_ppc64le.manylinux2014_ppc64le.whl", hash = "sha256:32878d993fc6058641bdec50867a25e199b40736cebb0e28449b8a61b054bf3d", size = 1482981, upload-time = "2025-05-15T13:13:02.153Z" },
    { url = "https://files.pythonhosted.org/packages/7b/08/e9fafe7bc4609f317d50df7cdb3c23a46ec65cedf255bd2ef55916d04e54/iterfzf-1.8.0.62.0-py3-none-manylinux_2_17_s390x.manylinux2014_s390x.whl", hash = "sha256:b43e757b4c0141250aa48cb545083da25e41722d14b003fdc9bddb366a373479", size = 1604392, upload-time = "2025-05-15T13:13:04.102Z" },
    { url = "https://files.pythonhosted.org/packages/5b/0f/7169c67ba591917c9eb09ab5433cb6c8cc2346baee7b9abab9351da277a6/iterfzf-1.8.0.62.0-py3-none-win_amd64.whl", hash = "sha256:b7cb95f93d5c1d901e8b7ccc886870f48f8331ebbba230cbd49eaedf045f142e", size = 1833659, upload-time = "2025-05-15T13:13:06.39Z" },
    { url = "https://files.pythonhosted.org/packages/6b/b0/ff38147ebb94a9ad79781e7356f2b5e69bd79721a9f0653ccf25506c4cfe/iterfzf-1.8.0.62.0-py3-none-win_arm64.whl", hash = "sha256:9ae79840b14c090c6a4590add2eaa90f1e945319433d9c900badf0b588b576f8", size = 1689599, upload-time = "2025-05-15T13:13:08.463Z" },
]

[[package]]
name = "markdown-it-py"
version = "3.0.0"
source = { registry = "https://pypi.org/simple" }
resolution-markers = [
    "python_full_version == '3.9.*'",
    "python_full_version >= '3.8.1' and python_full_version < '3.9'",
    "python_full_version < '3.8.1'",
]
dependencies = [
    { name = "mdurl", marker = "python_full_version < '3.10'" },
]
sdist = { url = "https://files.pythonhosted.org/packages/38/71/3b932df36c1a044d397a1f92d1cf91ee0a503d91e470cbd670aa66b07ed0/markdown-it-py-3.0.0.tar.gz", hash = "sha256:e3f60a94fa066dc52ec76661e37c851cb232d92f9886b15cb560aaada2df8feb", size = 74596, upload-time = "2023-06-03T06:41:14.443Z" }
wheels = [
    { url = "https://files.pythonhosted.org/packages/42/d7/1ec15b46af6af88f19b8e5ffea08fa375d433c998b8a7639e76935c14f1f/markdown_it_py-3.0.0-py3-none-any.whl", hash = "sha256:355216845c60bd96232cd8d8c40e8f9765cc86f46880e43a8fd22dc1a1a8cab1", size = 87528, upload-time = "2023-06-03T06:41:11.019Z" },
]

[[package]]
name = "markdown-it-py"
version = "4.0.0"
source = { registry = "https://pypi.org/simple" }
resolution-markers = [
    "python_full_version >= '3.10'",
]
dependencies = [
    { name = "mdurl", marker = "python_full_version >= '3.10'" },
]
sdist = { url = "https://files.pythonhosted.org/packages/5b/f5/4ec618ed16cc4f8fb3b701563655a69816155e79e24a17b651541804721d/markdown_it_py-4.0.0.tar.gz", hash = "sha256:cb0a2b4aa34f932c007117b194e945bd74e0ec24133ceb5bac59009cda1cb9f3", size = 73070, upload-time = "2025-08-11T12:57:52.854Z" }
wheels = [
    { url = "https://files.pythonhosted.org/packages/94/54/e7d793b573f298e1c9013b8c4dade17d481164aa517d1d7148619c2cedbf/markdown_it_py-4.0.0-py3-none-any.whl", hash = "sha256:87327c59b172c5011896038353a81343b6754500a08cd7a4973bb48c6d578147", size = 87321, upload-time = "2025-08-11T12:57:51.923Z" },
]

[[package]]
name = "mdurl"
version = "0.1.2"
source = { registry = "https://pypi.org/simple" }
sdist = { url = "https://files.pythonhosted.org/packages/d6/54/cfe61301667036ec958cb99bd3efefba235e65cdeb9c84d24a8293ba1d90/mdurl-0.1.2.tar.gz", hash = "sha256:bb413d29f5eea38f31dd4754dd7377d4465116fb207585f97bf925588687c1ba", size = 8729, upload-time = "2022-08-14T12:40:10.846Z" }
wheels = [
    { url = "https://files.pythonhosted.org/packages/b3/38/89ba8ad64ae25be8de66a6d463314cf1eb366222074cfda9ee839c56a4b4/mdurl-0.1.2-py3-none-any.whl", hash = "sha256:84008a41e51615a49fc9966191ff91509e3c40b939176e643fd50a5c2196b8f8", size = 9979, upload-time = "2022-08-14T12:40:09.779Z" },
]

[[package]]
name = "my-toolkit"
version = "0.1.0"
source = { editable = "." }
dependencies = [
    { name = "click", version = "8.1.8", source = { registry = "https://pypi.org/simple" }, marker = "python_full_version < '3.10'" },
    { name = "click", version = "8.3.0", source = { registry = "https://pypi.org/simple" }, marker = "python_full_version >= '3.10'" },
    { name = "inquirerpy" },
    { name = "iterfzf" },
    { name = "psutil" },
    { name = "rich" },
    { name = "tomli" },
    { name = "tomli-w", version = "1.0.0", source = { registry = "https://pypi.org/simple" }, marker = "python_full_version < '3.9'" },
    { name = "tomli-w", version = "1.2.0", source = { registry = "https://pypi.org/simple" }, marker = "python_full_version >= '3.9'" },
    { name = "yaspin", version = "2.4.0", source = { registry = "https://pypi.org/simple" }, marker = "python_full_version < '3.8.1'" },
    { name = "yaspin", version = "2.5.0", source = { registry = "https://pypi.org/simple" }, marker = "python_full_version >= '3.8.1' and python_full_version < '3.9'" },
    { name = "yaspin", version = "3.2.0", source = { registry = "https://pypi.org/simple" }, marker = "python_full_version >= '3.9'" },
]

[package.metadata]
requires-dist = [
    { name = "click" },
    { name = "inquirerpy" },
    { name = "iterfzf" },
    { name = "psutil" },
    { name = "rich" },
    { name = "tomli" },
    { name = "tomli-w" },
    { name = "yaspin" },
]

[[package]]
name = "pfzy"
version = "0.3.4"
source = { registry = "https://pypi.org/simple" }
sdist = { url = "https://files.pythonhosted.org/packages/d9/5a/32b50c077c86bfccc7bed4881c5a2b823518f5450a30e639db5d3711952e/pfzy-0.3.4.tar.gz", hash = "sha256:717ea765dd10b63618e7298b2d98efd819e0b30cd5905c9707223dceeb94b3f1", size = 8396, upload-time = "2022-01-28T02:26:17.946Z" }
wheels = [
    { url = "https://files.pythonhosted.org/packages/8c/d7/8ff98376b1acc4503253b685ea09981697385ce344d4e3935c2af49e044d/pfzy-0.3.4-py3-none-any.whl", hash = "sha256:5f50d5b2b3207fa72e7ec0ef08372ef652685470974a107d0d4999fc5a903a96", size = 8537, upload-time = "2022-01-28T02:26:16.047Z" },
]

[[package]]
name = "prompt-toolkit"
version = "3.0.52"
source = { registry = "https://pypi.org/simple" }
dependencies = [
    { name = "wcwidth" },
]
sdist = { url = "https://files.pythonhosted.org/packages/a1/96/06e01a7b38dce6fe1db213e061a4602dd6032a8a97ef6c1a862537732421/prompt_toolkit-3.0.52.tar.gz", hash = "sha256:28cde192929c8e7321de85de1ddbe736f1375148b02f2e17edd840042b1be855", size = 434198, upload-time = "2025-08-27T15:24:02.057Z" }
wheels = [
    { url = "https://files.pythonhosted.org/packages/84/03/0d3ce49e2505ae70cf43bc5bb3033955d2fc9f932163e84dc0779cc47f48/prompt_toolkit-3.0.52-py3-none-any.whl", hash = "sha256:9aac639a3bbd33284347de5ad8d68ecc044b91a762dc39b7c21095fcd6a19955", size = 391431, upload-time = "2025-08-27T15:23:59.498Z" },
]

[[package]]
name = "psutil"
version = "7.1.0"
source = { registry = "https://pypi.org/simple" }
sdist = { url = "https://files.pythonhosted.org/packages/b3/31/4723d756b59344b643542936e37a31d1d3204bcdc42a7daa8ee9eb06fb50/psutil-7.1.0.tar.gz", hash = "sha256:655708b3c069387c8b77b072fc429a57d0e214221d01c0a772df7dfedcb3bcd2", size = 497660, upload-time = "2025-09-17T20:14:52.902Z" }
wheels = [
    { url = "https://files.pythonhosted.org/packages/46/62/ce4051019ee20ce0ed74432dd73a5bb087a6704284a470bb8adff69a0932/psutil-7.1.0-cp36-abi3-macosx_10_9_x86_64.whl", hash = "sha256:76168cef4397494250e9f4e73eb3752b146de1dd950040b29186d0cce1d5ca13", size = 245242, upload-time = "2025-09-17T20:14:56.126Z" },
    { url = "https://files.pythonhosted.org/packages/38/61/f76959fba841bf5b61123fbf4b650886dc4094c6858008b5bf73d9057216/psutil-7.1.0-cp36-abi3-macosx_11_0_arm64.whl", hash = "sha256:5d007560c8c372efdff9e4579c2846d71de737e4605f611437255e81efcca2c5", size = 246682, upload-time = "2025-09-17T20:14:58.25Z" },
    { url = "https://files.pythonhosted.org/packages/88/7a/37c99d2e77ec30d63398ffa6a660450b8a62517cabe44b3e9bae97696e8d/psutil-7.1.0-cp36-abi3-manylinux_2_12_i686.manylinux2010_i686.manylinux_2_17_i686.manylinux2014_i686.whl", hash = "sha256:22e4454970b32472ce7deaa45d045b34d3648ce478e26a04c7e858a0a6e75ff3", size = 287994, upload-time = "2025-09-17T20:14:59.901Z" },
    { url = "https://files.pythonhosted.org/packages/9d/de/04c8c61232f7244aa0a4b9a9fbd63a89d5aeaf94b2fc9d1d16e2faa5cbb0/psutil-7.1.0-cp36-abi3-manylinux_2_12_x86_64.manylinux2010_x86_64.manylinux_2_17_x86_64.manylinux2014_x86_64.whl", hash = "sha256:8c70e113920d51e89f212dd7be06219a9b88014e63a4cec69b684c327bc474e3", size = 291163, upload-time = "2025-09-17T20:15:01.481Z" },
    { url = "https://files.pythonhosted.org/packages/f4/58/c4f976234bf6d4737bc8c02a81192f045c307b72cf39c9e5c5a2d78927f6/psutil-7.1.0-cp36-abi3-manylinux_2_17_aarch64.manylinux2014_aarch64.whl", hash = "sha256:7d4a113425c037300de3ac8b331637293da9be9713855c4fc9d2d97436d7259d", size = 293625, upload-time = "2025-09-17T20:15:04.492Z" },
    { url = "https://files.pythonhosted.org/packages/79/87/157c8e7959ec39ced1b11cc93c730c4fb7f9d408569a6c59dbd92ceb35db/psutil-7.1.0-cp37-abi3-win32.whl", hash = "sha256:09ad740870c8d219ed8daae0ad3b726d3bf9a028a198e7f3080f6a1888b99bca", size = 244812, upload-time = "2025-09-17T20:15:07.462Z" },
    { url = "https://files.pythonhosted.org/packages/bf/e9/b44c4f697276a7a95b8e94d0e320a7bf7f3318521b23de69035540b39838/psutil-7.1.0-cp37-abi3-win_amd64.whl", hash = "sha256:57f5e987c36d3146c0dd2528cd42151cf96cd359b9d67cfff836995cc5df9a3d", size = 247965, upload-time = "2025-09-17T20:15:09.673Z" },
    { url = "https://files.pythonhosted.org/packages/26/65/1070a6e3c036f39142c2820c4b52e9243246fcfc3f96239ac84472ba361e/psutil-7.1.0-cp37-abi3-win_arm64.whl", hash = "sha256:6937cb68133e7c97b6cc9649a570c9a18ba0efebed46d8c5dae4c07fa1b67a07", size = 244971, upload-time = "2025-09-17T20:15:12.262Z" },
]

[[package]]
name = "pygments"
version = "2.19.2"
source = { registry = "https://pypi.org/simple" }
sdist = { url = "https://files.pythonhosted.org/packages/b0/77/a5b8c569bf593b0140bde72ea885a803b82086995367bf2037de0159d924/pygments-2.19.2.tar.gz", hash = "sha256:636cb2477cec7f8952536970bc533bc43743542f70392ae026374600add5b887", size = 4968631, upload-time = "2025-06-21T13:39:12.283Z" }
wheels = [
    { url = "https://files.pythonhosted.org/packages/c7/21/705964c7812476f378728bdf590ca4b771ec72385c533964653c68e86bdc/pygments-2.19.2-py3-none-any.whl", hash = "sha256:86540386c03d588bb81d44bc3928634ff26449851e99741617ecb9037ee5ec0b", size = 1225217, upload-time = "2025-06-21T13:39:07.939Z" },
]

[[package]]
name = "rich"
version = "14.1.0"
source = { registry = "https://pypi.org/simple" }
dependencies = [
    { name = "markdown-it-py", version = "3.0.0", source = { registry = "https://pypi.org/simple" }, marker = "python_full_version < '3.10'" },
    { name = "markdown-it-py", version = "4.0.0", source = { registry = "https://pypi.org/simple" }, marker = "python_full_version >= '3.10'" },
    { name = "pygments" },
]
sdist = { url = "https://files.pythonhosted.org/packages/fe/75/af448d8e52bf1d8fa6a9d089ca6c07ff4453d86c65c145d0a300bb073b9b/rich-14.1.0.tar.gz", hash = "sha256:e497a48b844b0320d45007cdebfeaeed8db2a4f4bcf49f15e455cfc4af11eaa8", size = 224441, upload-time = "2025-07-25T07:32:58.125Z" }
wheels = [
    { url = "https://files.pythonhosted.org/packages/e3/30/3c4d035596d3cf444529e0b2953ad0466f6049528a879d27534700580395/rich-14.1.0-py3-none-any.whl", hash = "sha256:536f5f1785986d6dbdea3c75205c473f970777b4a0d6c6dd1b696aa05a3fa04f", size = 243368, upload-time = "2025-07-25T07:32:56.73Z" },
]

[[package]]
name = "termcolor"
version = "2.4.0"
source = { registry = "https://pypi.org/simple" }
resolution-markers = [
    "python_full_version >= '3.8.1' and python_full_version < '3.9'",
    "python_full_version < '3.8.1'",
]
sdist = { url = "https://files.pythonhosted.org/packages/10/56/d7d66a84f96d804155f6ff2873d065368b25a07222a6fd51c4f24ef6d764/termcolor-2.4.0.tar.gz", hash = "sha256:aab9e56047c8ac41ed798fa36d892a37aca6b3e9159f3e0c24bc64a9b3ac7b7a", size = 12664, upload-time = "2023-12-01T11:04:51.66Z" }
wheels = [
    { url = "https://files.pythonhosted.org/packages/d9/5f/8c716e47b3a50cbd7c146f45881e11d9414def768b7cd9c5e6650ec2a80a/termcolor-2.4.0-py3-none-any.whl", hash = "sha256:9297c0df9c99445c2412e832e882a7884038a25617c60cea2ad69488d4040d63", size = 7719, upload-time = "2023-12-01T11:04:50.019Z" },
]

[[package]]
name = "termcolor"
version = "3.1.0"
source = { registry = "https://pypi.org/simple" }
resolution-markers = [
    "python_full_version >= '3.10'",
    "python_full_version == '3.9.*'",
]
sdist = { url = "https://files.pythonhosted.org/packages/ca/6c/3d75c196ac07ac8749600b60b03f4f6094d54e132c4d94ebac6ee0e0add0/termcolor-3.1.0.tar.gz", hash = "sha256:6a6dd7fbee581909eeec6a756cff1d7f7c376063b14e4a298dc4980309e55970", size = 14324, upload-time = "2025-04-30T11:37:53.791Z" }
wheels = [
    { url = "https://files.pythonhosted.org/packages/4f/bd/de8d508070629b6d84a30d01d57e4a65c69aa7f5abe7560b8fad3b50ea59/termcolor-3.1.0-py3-none-any.whl", hash = "sha256:591dd26b5c2ce03b9e43f391264626557873ce1d379019786f99b0c2bee140aa", size = 7684, upload-time = "2025-04-30T11:37:52.382Z" },
]

[[package]]
name = "tomli"
version = "2.3.0"
source = { registry = "https://pypi.org/simple" }
sdist = { url = "https://files.pythonhosted.org/packages/52/ed/3f73f72945444548f33eba9a87fc7a6e969915e7b1acc8260b30e1f76a2f/tomli-2.3.0.tar.gz", hash = "sha256:64be704a875d2a59753d80ee8a533c3fe183e3f06807ff7dc2232938ccb01549", size = 17392, upload-time = "2025-10-08T22:01:47.119Z" }
wheels = [
    { url = "https://files.pythonhosted.org/packages/b3/2e/299f62b401438d5fe1624119c723f5d877acc86a4c2492da405626665f12/tomli-2.3.0-cp311-cp311-macosx_10_9_x86_64.whl", hash = "sha256:88bd15eb972f3664f5ed4b57c1634a97153b4bac4479dcb6a495f41921eb7f45", size = 153236, upload-time = "2025-10-08T22:01:00.137Z" },
    { url = "https://files.pythonhosted.org/packages/86/7f/d8fffe6a7aefdb61bced88fcb5e280cfd71e08939da5894161bd71bea022/tomli-2.3.0-cp311-cp311-macosx_11_0_arm64.whl", hash = "sha256:883b1c0d6398a6a9d29b508c331fa56adbcdff647f6ace4dfca0f50e90dfd0ba", size = 148084, upload-time = "2025-10-08T22:01:01.63Z" },
    { url = "https://files.pythonhosted.org/packages/47/5c/24935fb6a2ee63e86d80e4d3b58b222dafaf438c416752c8b58537c8b89a/tomli-2.3.0-cp311-cp311-manylinux2014_aarch64.manylinux_2_17_aarch64.manylinux_2_28_aarch64.whl", hash = "sha256:d1381caf13ab9f300e30dd8feadb3de072aeb86f1d34a8569453ff32a7dea4bf", size = 234832, upload-time = "2025-10-08T22:01:02.543Z" },
    { url = "https://files.pythonhosted.org/packages/89/da/75dfd804fc11e6612846758a23f13271b76d577e299592b4371a4ca4cd09/tomli-2.3.0-cp311-cp311-manylinux2014_x86_64.manylinux_2_17_x86_64.manylinux_2_28_x86_64.whl", hash = "sha256:a0e285d2649b78c0d9027570d4da3425bdb49830a6156121360b3f8511ea3441", size = 242052, upload-time = "2025-10-08T22:01:03.836Z" },
    { url = "https://files.pythonhosted.org/packages/70/8c/f48ac899f7b3ca7eb13af73bacbc93aec37f9c954df3c08ad96991c8c373/tomli-2.3.0-cp311-cp311-musllinux_1_2_aarch64.whl", hash = "sha256:0a154a9ae14bfcf5d8917a59b51ffd5a3ac1fd149b71b47a3a104ca4edcfa845", size = 239555, upload-time = "2025-10-08T22:01:04.834Z" },
    { url = "https://files.pythonhosted.org/packages/ba/28/72f8afd73f1d0e7829bfc093f4cb98ce0a40ffc0cc997009ee1ed94ba705/tomli-2.3.0-cp311-cp311-musllinux_1_2_x86_64.whl", hash = "sha256:74bf8464ff93e413514fefd2be591c3b0b23231a77f901db1eb30d6f712fc42c", size = 245128, upload-time = "2025-10-08T22:01:05.84Z" },
    { url = "https://files.pythonhosted.org/packages/b6/eb/a7679c8ac85208706d27436e8d421dfa39d4c914dcf5fa8083a9305f58d9/tomli-2.3.0-cp311-cp311-win32.whl", hash = "sha256:00b5f5d95bbfc7d12f91ad8c593a1659b6387b43f054104cda404be6bda62456", size = 96445, upload-time = "2025-10-08T22:01:06.896Z" },
    { url = "https://files.pythonhosted.org/packages/0a/fe/3d3420c4cb1ad9cb462fb52967080575f15898da97e21cb6f1361d505383/tomli-2.3.0-cp311-cp311-win_amd64.whl", hash = "sha256:4dc4ce8483a5d429ab602f111a93a6ab1ed425eae3122032db7e9acf449451be", size = 107165, upload-time = "2025-10-08T22:01:08.107Z" },
    { url = "https://files.pythonhosted.org/packages/ff/b7/40f36368fcabc518bb11c8f06379a0fd631985046c038aca08c6d6a43c6e/tomli-2.3.0-cp312-cp312-macosx_10_13_x86_64.whl", hash = "sha256:d7d86942e56ded512a594786a5ba0a5e521d02529b3826e7761a05138341a2ac", size = 154891, upload-time = "2025-10-08T22:01:09.082Z" },
    { url = "https://files.pythonhosted.org/packages/f9/3f/d9dd692199e3b3aab2e4e4dd948abd0f790d9ded8cd10cbaae276a898434/tomli-2.3.0-cp312-cp312-macosx_11_0_arm64.whl", hash = "sha256:73ee0b47d4dad1c5e996e3cd33b8a76a50167ae5f96a2607cbe8cc773506ab22", size = 148796, upload-time = "2025-10-08T22:01:10.266Z" },
    { url = "https://files.pythonhosted.org/packages/60/83/59bff4996c2cf9f9387a0f5a3394629c7efa5ef16142076a23a90f1955fa/tomli-2.3.0-cp312-cp312-manylinux2014_aarch64.manylinux_2_17_aarch64.manylinux_2_28_aarch64.whl", hash = "sha256:792262b94d5d0a466afb5bc63c7daa9d75520110971ee269152083270998316f", size = 242121, upload-time = "2025-10-08T22:01:11.332Z" },
    { url = "https://files.pythonhosted.org/packages/45/e5/7c5119ff39de8693d6baab6c0b6dcb556d192c165596e9fc231ea1052041/tomli-2.3.0-cp312-cp312-manylinux2014_x86_64.manylinux_2_17_x86_64.manylinux_2_28_x86_64.whl", hash = "sha256:4f195fe57ecceac95a66a75ac24d9d5fbc98ef0962e09b2eddec5d39375aae52", size = 250070, upload-time = "2025-10-08T22:01:12.498Z" },
    { url = "https://files.pythonhosted.org/packages/45/12/ad5126d3a278f27e6701abde51d342aa78d06e27ce2bb596a01f7709a5a2/tomli-2.3.0-cp312-cp312-musllinux_1_2_aarch64.whl", hash = "sha256:e31d432427dcbf4d86958c184b9bfd1e96b5b71f8eb17e6d02531f434fd335b8", size = 245859, upload-time = "2025-10-08T22:01:13.551Z" },
    { url = "https://files.pythonhosted.org/packages/fb/a1/4d6865da6a71c603cfe6ad0e6556c73c76548557a8d658f9e3b142df245f/tomli-2.3.0-cp312-cp312-musllinux_1_2_x86_64.whl", hash = "sha256:7b0882799624980785240ab732537fcfc372601015c00f7fc367c55308c186f6", size = 250296, upload-time = "2025-10-08T22:01:14.614Z" },
    { url = "https://files.pythonhosted.org/packages/a0/b7/a7a7042715d55c9ba6e8b196d65d2cb662578b4d8cd17d882d45322b0d78/tomli-2.3.0-cp312-cp312-win32.whl", hash = "sha256:ff72b71b5d10d22ecb084d345fc26f42b5143c5533db5e2eaba7d2d335358876", size = 97124, upload-time = "2025-10-08T22:01:15.629Z" },
    { url = "https://files.pythonhosted.org/packages/06/1e/f22f100db15a68b520664eb3328fb0ae4e90530887928558112c8d1f4515/tomli-2.3.0-cp312-cp312-win_amd64.whl", hash = "sha256:1cb4ed918939151a03f33d4242ccd0aa5f11b3547d0cf30f7c74a408a5b99878", size = 107698, upload-time = "2025-10-08T22:01:16.51Z" },
    { url = "https://files.pythonhosted.org/packages/89/48/06ee6eabe4fdd9ecd48bf488f4ac783844fd777f547b8d1b61c11939974e/tomli-2.3.0-cp313-cp313-macosx_10_13_x86_64.whl", hash = "sha256:5192f562738228945d7b13d4930baffda67b69425a7f0da96d360b0a3888136b", size = 154819, upload-time = "2025-10-08T22:01:17.964Z" },
    { url = "https://files.pythonhosted.org/packages/f1/01/88793757d54d8937015c75dcdfb673c65471945f6be98e6a0410fba167ed/tomli-2.3.0-cp313-cp313-macosx_11_0_arm64.whl", hash = "sha256:be71c93a63d738597996be9528f4abe628d1adf5e6eb11607bc8fe1a510b5dae", size = 148766, upload-time = "2025-10-08T22:01:18.959Z" },
    { url = "https://files.pythonhosted.org/packages/42/17/5e2c956f0144b812e7e107f94f1cc54af734eb17b5191c0bbfb72de5e93e/tomli-2.3.0-cp313-cp313-manylinux2014_aarch64.manylinux_2_17_aarch64.manylinux_2_28_aarch64.whl", hash = "sha256:c4665508bcbac83a31ff8ab08f424b665200c0e1e645d2bd9ab3d3e557b6185b", size = 240771, upload-time = "2025-10-08T22:01:20.106Z" },
    { url = "https://files.pythonhosted.org/packages/d5/f4/0fbd014909748706c01d16824eadb0307115f9562a15cbb012cd9b3512c5/tomli-2.3.0-cp313-cp313-manylinux2014_x86_64.manylinux_2_17_x86_64.manylinux_2_28_x86_64.whl", hash = "sha256:4021923f97266babc6ccab9f5068642a0095faa0a51a246a6a02fccbb3514eaf", size = 248586, upload-time = "2025-10-08T22:01:21.164Z" },
    { url = "https://files.pythonhosted.org/packages/30/77/fed85e114bde5e81ecf9bc5da0cc69f2914b38f4708c80ae67d0c10180c5/tomli-2.3.0-cp313-cp313-musllinux_1_2_aarch64.whl", hash = "sha256:a4ea38c40145a357d513bffad0ed869f13c1773716cf71ccaa83b0fa0cc4e42f", size = 244792, upload-time = "2025-10-08T22:01:22.417Z" },
    { url = "https://files.pythonhosted.org/packages/55/92/afed3d497f7c186dc71e6ee6d4fcb0acfa5f7d0a1a2878f8beae379ae0cc/tomli-2.3.0-cp313-cp313-musllinux_1_2_x86_64.whl", hash = "sha256:ad805ea85eda330dbad64c7ea7a4556259665bdf9d2672f5dccc740eb9d3ca05", size = 248909, upload-time = "2025-10-08T22:01:23.859Z" },
    { url = "https://files.pythonhosted.org/packages/f8/84/ef50c51b5a9472e7265ce1ffc7f24cd4023d289e109f669bdb1553f6a7c2/tomli-2.3.0-cp313-cp313-win32.whl", hash = "sha256:97d5eec30149fd3294270e889b4234023f2c69747e555a27bd708828353ab606", size = 96946, upload-time = "2025-10-08T22:01:24.893Z" },
    { url = "https://files.pythonhosted.org/packages/b2/b7/718cd1da0884f281f95ccfa3a6cc572d30053cba64603f79d431d3c9b61b/tomli-2.3.0-cp313-cp313-win_amd64.whl", hash = "sha256:0c95ca56fbe89e065c6ead5b593ee64b84a26fca063b5d71a1122bf26e533999", size = 107705, upload-time = "2025-10-08T22:01:26.153Z" },
    { url = "https://files.pythonhosted.org/packages/19/94/aeafa14a52e16163008060506fcb6aa1949d13548d13752171a755c65611/tomli-2.3.0-cp314-cp314-macosx_10_13_x86_64.whl", hash = "sha256:cebc6fe843e0733ee827a282aca4999b596241195f43b4cc371d64fc6639da9e", size = 154244, upload-time = "2025-10-08T22:01:27.06Z" },
    { url = "https://files.pythonhosted.org/packages/db/e4/1e58409aa78eefa47ccd19779fc6f36787edbe7d4cd330eeeedb33a4515b/tomli-2.3.0-cp314-cp314-macosx_11_0_arm64.whl", hash = "sha256:4c2ef0244c75aba9355561272009d934953817c49f47d768070c3c94355c2aa3", size = 148637, upload-time = "2025-10-08T22:01:28.059Z" },
    { url = "https://files.pythonhosted.org/packages/26/b6/d1eccb62f665e44359226811064596dd6a366ea1f985839c566cd61525ae/tomli-2.3.0-cp314-cp314-manylinux2014_aarch64.manylinux_2_17_aarch64.manylinux_2_28_aarch64.whl", hash = "sha256:c22a8bf253bacc0cf11f35ad9808b6cb75ada2631c2d97c971122583b129afbc", size = 241925, upload-time = "2025-10-08T22:01:29.066Z" },
    { url = "https://files.pythonhosted.org/packages/70/91/7cdab9a03e6d3d2bb11beae108da5bdc1c34bdeb06e21163482544ddcc90/tomli-2.3.0-cp314-cp314-manylinux2014_x86_64.manylinux_2_17_x86_64.manylinux_2_28_x86_64.whl", hash = "sha256:0eea8cc5c5e9f89c9b90c4896a8deefc74f518db5927d0e0e8d4a80953d774d0", size = 249045, upload-time = "2025-10-08T22:01:31.98Z" },
    { url = "https://files.pythonhosted.org/packages/15/1b/8c26874ed1f6e4f1fcfeb868db8a794cbe9f227299402db58cfcc858766c/tomli-2.3.0-cp314-cp314-musllinux_1_2_aarch64.whl", hash = "sha256:b74a0e59ec5d15127acdabd75ea17726ac4c5178ae51b85bfe39c4f8a278e879", size = 245835, upload-time = "2025-10-08T22:01:32.989Z" },
    { url = "https://files.pythonhosted.org/packages/fd/42/8e3c6a9a4b1a1360c1a2a39f0b972cef2cc9ebd56025168c4137192a9321/tomli-2.3.0-cp314-cp314-musllinux_1_2_x86_64.whl", hash = "sha256:b5870b50c9db823c595983571d1296a6ff3e1b88f734a4c8f6fc6188397de005", size = 253109, upload-time = "2025-10-08T22:01:34.052Z" },
    { url = "https://files.pythonhosted.org/packages/22/0c/b4da635000a71b5f80130937eeac12e686eefb376b8dee113b4a582bba42/tomli-2.3.0-cp314-cp314-win32.whl", hash = "sha256:feb0dacc61170ed7ab602d3d972a58f14ee3ee60494292d384649a3dc38ef463", size = 97930, upload-time = "2025-10-08T22:01:35.082Z" },
    { url = "https://files.pythonhosted.org/packages/b9/74/cb1abc870a418ae99cd5c9547d6bce30701a954e0e721821df483ef7223c/tomli-2.3.0-cp314-cp314-win_amd64.whl", hash = "sha256:b273fcbd7fc64dc3600c098e39136522650c49bca95df2d11cf3b626422392c8", size = 107964, upload-time = "2025-10-08T22:01:36.057Z" },
    { url = "https://files.pythonhosted.org/packages/54/78/5c46fff6432a712af9f792944f4fcd7067d8823157949f4e40c56b8b3c83/tomli-2.3.0-cp314-cp314t-macosx_10_13_x86_64.whl", hash = "sha256:940d56ee0410fa17ee1f12b817b37a4d4e4dc4d27340863cc67236c74f582e77", size = 163065, upload-time = "2025-10-08T22:01:37.27Z" },
    { url = "https://files.pythonhosted.org/packages/39/67/f85d9bd23182f45eca8939cd2bc7050e1f90c41f4a2ecbbd5963a1d1c486/tomli-2.3.0-cp314-cp314t-macosx_11_0_arm64.whl", hash = "sha256:f85209946d1fe94416debbb88d00eb92ce9cd5266775424ff81bc959e001acaf", size = 159088, upload-time = "2025-10-08T22:01:38.235Z" },
    { url = "https://files.pythonhosted.org/packages/26/5a/4b546a0405b9cc0659b399f12b6adb750757baf04250b148d3c5059fc4eb/tomli-2.3.0-cp314-cp314t-manylinux2014_aarch64.manylinux_2_17_aarch64.manylinux_2_28_aarch64.whl", hash = "sha256:a56212bdcce682e56b0aaf79e869ba5d15a6163f88d5451cbde388d48b13f530", size = 268193, upload-time = "2025-10-08T22:01:39.712Z" },
    { url = "https://files.pythonhosted.org/packages/42/4f/2c12a72ae22cf7b59a7fe75b3465b7aba40ea9145d026ba41cb382075b0e/tomli-2.3.0-cp314-cp314t-manylinux2014_x86_64.manylinux_2_17_x86_64.manylinux_2_28_x86_64.whl", hash = "sha256:c5f3ffd1e098dfc032d4d3af5c0ac64f6d286d98bc148698356847b80fa4de1b", size = 275488, upload-time = "2025-10-08T22:01:40.773Z" },
    { url = "https://files.pythonhosted.org/packages/92/04/a038d65dbe160c3aa5a624e93ad98111090f6804027d474ba9c37c8ae186/tomli-2.3.0-cp314-cp314t-musllinux_1_2_aarch64.whl", hash = "sha256:5e01decd096b1530d97d5d85cb4dff4af2d8347bd35686654a004f8dea20fc67", size = 272669, upload-time = "2025-10-08T22:01:41.824Z" },
    { url = "https://files.pythonhosted.org/packages/be/2f/8b7c60a9d1612a7cbc39ffcca4f21a73bf368a80fc25bccf8253e2563267/tomli-2.3.0-cp314-cp314t-musllinux_1_2_x86_64.whl", hash = "sha256:8a35dd0e643bb2610f156cca8db95d213a90015c11fee76c946aa62b7ae7e02f", size = 279709, upload-time = "2025-10-08T22:01:43.177Z" },
    { url = "https://files.pythonhosted.org/packages/7e/46/cc36c679f09f27ded940281c38607716c86cf8ba4a518d524e349c8b4874/tomli-2.3.0-cp314-cp314t-win32.whl", hash = "sha256:a1f7f282fe248311650081faafa5f4732bdbfef5d45fe3f2e702fbc6f2d496e0", size = 107563, upload-time = "2025-10-08T22:01:44.233Z" },
    { url = "https://files.pythonhosted.org/packages/84/ff/426ca8683cf7b753614480484f6437f568fd2fda2edbdf57a2d3d8b27a0b/tomli-2.3.0-cp314-cp314t-win_amd64.whl", hash = "sha256:70a251f8d4ba2d9ac2542eecf008b3c8a9fc5c3f9f02c56a9d7952612be2fdba", size = 119756, upload-time = "2025-10-08T22:01:45.234Z" },
    { url = "https://files.pythonhosted.org/packages/77/b8/0135fadc89e73be292b473cb820b4f5a08197779206b33191e801feeae40/tomli-2.3.0-py3-none-any.whl", hash = "sha256:e95b1af3c5b07d9e643909b5abbec77cd9f1217e6d0bca72b0234736b9fb1f1b", size = 14408, upload-time = "2025-10-08T22:01:46.04Z" },
]

[[package]]
name = "tomli-w"
version = "1.0.0"
source = { registry = "https://pypi.org/simple" }
resolution-markers = [
    "python_full_version >= '3.8.1' and python_full_version < '3.9'",
    "python_full_version < '3.8.1'",
]
sdist = { url = "https://files.pythonhosted.org/packages/49/05/6bf21838623186b91aedbda06248ad18f03487dc56fbc20e4db384abde6c/tomli_w-1.0.0.tar.gz", hash = "sha256:f463434305e0336248cac9c2dc8076b707d8a12d019dd349f5c1e382dd1ae1b9", size = 6531, upload-time = "2021-12-01T23:55:11.89Z" }
wheels = [
    { url = "https://files.pythonhosted.org/packages/bb/01/1da9c66ecb20f31ed5aa5316a957e0b1a5e786a0d9689616ece4ceaf1321/tomli_w-1.0.0-py3-none-any.whl", hash = "sha256:9f2a07e8be30a0729e533ec968016807069991ae2fd921a78d42f429ae5f4463", size = 5984, upload-time = "2021-12-01T23:55:10.364Z" },
]

[[package]]
name = "tomli-w"
version = "1.2.0"
source = { registry = "https://pypi.org/simple" }
resolution-markers = [
    "python_full_version >= '3.10'",
    "python_full_version == '3.9.*'",
]
sdist = { url = "https://files.pythonhosted.org/packages/19/75/241269d1da26b624c0d5e110e8149093c759b7a286138f4efd61a60e75fe/tomli_w-1.2.0.tar.gz", hash = "sha256:2dd14fac5a47c27be9cd4c976af5a12d87fb1f0b4512f81d69cce3b35ae25021", size = 7184, upload-time = "2025-01-15T12:07:24.262Z" }
wheels = [
    { url = "https://files.pythonhosted.org/packages/c7/18/c86eb8e0202e32dd3df50d43d7ff9854f8e0603945ff398974c1d91ac1ef/tomli_w-1.2.0-py3-none-any.whl", hash = "sha256:188306098d013b691fcadc011abd66727d3c414c571bb01b1a174ba8c983cf90", size = 6675, upload-time = "2025-01-15T12:07:22.074Z" },
]

[[package]]
name = "wcwidth"
version = "0.2.14"
source = { registry = "https://pypi.org/simple" }
sdist = { url = "https://files.pythonhosted.org/packages/24/30/6b0809f4510673dc723187aeaf24c7f5459922d01e2f794277a3dfb90345/wcwidth-0.2.14.tar.gz", hash = "sha256:4d478375d31bc5395a3c55c40ccdf3354688364cd61c4f6adacaa9215d0b3605", size = 102293, upload-time = "2025-09-22T16:29:53.023Z" }
wheels = [
    { url = "https://files.pythonhosted.org/packages/af/b5/123f13c975e9f27ab9c0770f514345bd406d0e8d3b7a0723af9d43f710af/wcwidth-0.2.14-py2.py3-none-any.whl", hash = "sha256:a7bb560c8aee30f9957e5f9895805edd20602f2d7f720186dfd906e82b4982e1", size = 37286, upload-time = "2025-09-22T16:29:51.641Z" },
]

[[package]]
name = "yaspin"
version = "2.4.0"
source = { registry = "https://pypi.org/simple" }
resolution-markers = [
    "python_full_version < '3.8.1'",
]
dependencies = [
    { name = "termcolor", version = "2.4.0", source = { registry = "https://pypi.org/simple" }, marker = "python_full_version < '3.8.1'" },
]
sdist = { url = "https://files.pythonhosted.org/packages/20/e1/e79399c05f10c3a6d6252fe2faae759d30414ee88640cb3efcd612fec60c/yaspin-2.4.0.tar.gz", hash = "sha256:0a7aa4f88e2afff938899cc6160c886dbd439463d2ec06b7d2367b776635b78b", size = 34568, upload-time = "2023-08-06T12:43:20.102Z" }
wheels = [
    { url = "https://files.pythonhosted.org/packages/59/cb/e189506229b8b054013169392ca0a747afe54371029c4b21e519dadd21fd/yaspin-2.4.0-py3-none-any.whl", hash = "sha256:9b204e3176afd76197939faf9c3ac304b4edd3dbff38d2a3039d08f1c5c4703c", size = 18960, upload-time = "2023-08-06T12:43:17.849Z" },
]

[[package]]
name = "yaspin"
version = "2.5.0"
source = { registry = "https://pypi.org/simple" }
resolution-markers = [
    "python_full_version >= '3.8.1' and python_full_version < '3.9'",
]
dependencies = [
    { name = "termcolor", version = "2.4.0", source = { registry = "https://pypi.org/simple" }, marker = "python_full_version >= '3.8.1' and python_full_version < '3.9'" },
]
sdist = { url = "https://files.pythonhosted.org/packages/77/40/5232871d34d726b125a2a890e8b4531800858fee95779b14d53b26f4143e/yaspin-2.5.0.tar.gz", hash = "sha256:f96ab3b5c42e1eaa6af3193508082309d9dc43f6963339f9aa606003ee8d7e63", size = 34589, upload-time = "2023-08-07T16:04:42.181Z" }
wheels = [
    { url = "https://files.pythonhosted.org/packages/67/4b/6873fb66cefc5bdb44cc0625d81fcf8eb49f331d0f9dced9f5a0f803dd3f/yaspin-2.5.0-py3-none-any.whl", hash = "sha256:58aaa19330b9eacf86241043342b4040ded75f170240276d963c570263cd8f53", size = 18959, upload-time = "2023-08-07T16:04:40.002Z" },
]

[[package]]
name = "yaspin"
version = "3.2.0"
source = { registry = "https://pypi.org/simple" }
resolution-markers = [
    "python_full_version >= '3.10'",
    "python_full_version == '3.9.*'",
]
dependencies = [
    { name = "termcolor", version = "3.1.0", source = { registry = "https://pypi.org/simple" }, marker = "python_full_version >= '3.9'" },
]
sdist = { url = "https://files.pythonhosted.org/packages/dc/f9/9d9556b9fef2df1dd78c770c021bfcf84d03413bd137cd3e3279a612adc4/yaspin-3.2.0.tar.gz", hash = "sha256:416fe8d6722d26e4d1a1f50498bb4f3bdd4c68b9cd54065d224a4b9d1228cce7", size = 39083, upload-time = "2025-09-17T18:54:08.267Z" }
wheels = [
    { url = "https://files.pythonhosted.org/packages/b9/76/92596d08527dab7bc2ccbfd0fd620175231994feb7eaddb2a78d6333e7b6/yaspin-3.2.0-py3-none-any.whl", hash = "sha256:6a98053c75c0728271070bd6c99d0c83b6de76734bee34a294c2c2df00e9a06c", size = 20634, upload-time = "2025-09-17T18:54:06.965Z" },
]
